# This file was autogenerated by Stack.
# You should not edit this file by hand.
# For more information, please see the documentation at:
#   https://docs.haskellstack.org/en/stable/lock_files

packages:
- completed:
    name: inspector
    version: '0.1'
    git: https://github.com/primetype/inspector
    pantry-tree:
      size: 794
      sha256: 0a84f287be566310d656386cefaaeffff42e2ace87d859b03f759e4bc88ef45c
    commit: c39d899e29acb8e37d58618ae3bf80aabf13d23c
  original:
    git: https://github.com/primetype/inspector
    commit: c39d899e29acb8e37d58618ae3bf80aabf13d23c
- completed:
    name: cardano-crypto
    version: 1.1.0
    git: https://github.com/input-output-hk/cardano-crypto
    pantry-tree:
      size: 5300
      sha256: 296774bd04b91e2682f09bf222b1bbc503ac595a3564a44b66e1f287d717d045
    commit: 07397f0e50da97eaa0575d93bee7ac4b2b2576ec
  original:
    git: https://github.com/input-output-hk/cardano-crypto
    commit: 07397f0e50da97eaa0575d93bee7ac4b2b2576ec
snapshots:
- completed:
    size: 590102
    url: https://raw.githubusercontent.com/commercialhaskell/stackage-snapshots/master/lts/18/27.yaml
    sha256: 79a786674930a89301b0e908fad2822a48882f3d01486117693c377b8edffdbe
  original: lts-18.27
